
Microsoft Visual Studio Solution File, Format Version 12.00
# Visual Studio Version 17
VisualStudioVersion = 17.11.35431.28
MinimumVisualStudioVersion = 10.0.40219.1
Project("{FAE04EC0-301F-11D3-BF4B-00C04F79EFBC}") = "LibraryMgmt.Android", "LibraryMgmt\LibraryMgmt.Android\LibraryMgmt.Android.csproj", "{E6F91F3C-E2A0-4566-9D31-9CCF947AE59F}"
EndProject
Project("{FAE04EC0-301F-11D3-BF4B-00C04F79EFBC}") = "LibraryMgmt", "LibraryMgmt\LibraryMgmt\LibraryMgmt.csproj", "{5409AE16-F547-44EE-ADC9-3789C02BAFBB}"
EndProject
Project("{FAE04EC0-301F-11D3-BF4B-00C04F79EFBC}") = "LibraryMgmtAPI", "LibraryMgmtAPI\LibraryMgmtAPI.csproj", "{452B9F55-E693-4620-9121-13F04B07B810}"
EndProject
Global
	GlobalSection(SolutionConfigurationPlatforms) = preSolution
		Debug|Any CPU = Debug|Any CPU
		Release|Any CPU = Release|Any CPU
	EndGlobalSection
	GlobalSection(ProjectConfigurationPlatforms) = postSolution
		{E6F91F3C-E2A0-4566-9D31-9CCF947AE59F}.Debug|Any CPU.ActiveCfg = Debug|Any CPU
		{E6F91F3C-E2A0-4566-9D31-9CCF947AE59F}.Debug|Any CPU.Build.0 = Debug|Any CPU
		{E6F91F3C-E2A0-4566-9D31-9CCF947AE59F}.Debug|Any CPU.Deploy.0 = Debug|Any CPU
		{E6F91F3C-E2A0-4566-9D31-9CCF947AE59F}.Release|Any CPU.ActiveCfg = Release|Any CPU
		{E6F91F3C-E2A0-4566-9D31-9CCF947AE59F}.Release|Any CPU.Build.0 = Release|Any CPU
		{E6F91F3C-E2A0-4566-9D31-9CCF947AE59F}.Release|Any CPU.Deploy.0 = Release|Any CPU
		{5409AE16-F547-44EE-ADC9-3789C02BAFBB}.Debug|Any CPU.ActiveCfg = Debug|Any CPU
		{5409AE16-F547-44EE-ADC9-3789C02BAFBB}.Debug|Any CPU.Build.0 = Debug|Any CPU
		{5409AE16-F547-44EE-ADC9-3789C02BAFBB}.Debug|Any CPU.Deploy.0 = Debug|Any CPU
		{5409AE16-F547-44EE-ADC9-3789C02BAFBB}.Release|Any CPU.ActiveCfg = Release|Any CPU
		{5409AE16-F547-44EE-ADC9-3789C02BAFBB}.Release|Any CPU.Build.0 = Release|Any CPU
		{5409AE16-F547-44EE-ADC9-3789C02BAFBB}.Release|Any CPU.Deploy.0 = Release|Any CPU
		{452B9F55-E693-4620-9121-13F04B07B810}.Debug|Any CPU.ActiveCfg = Debug|Any CPU
		{452B9F55-E693-4620-9121-13F04B07B810}.Debug|Any CPU.Build.0 = Debug|Any CPU
		{452B9F55-E693-4620-9121-13F04B07B810}.Release|Any CPU.ActiveCfg = Release|Any CPU
		{452B9F55-E693-4620-9121-13F04B07B810}.Release|Any CPU.Build.0 = Release|Any CPU
	EndGlobalSection
	GlobalSection(SolutionProperties) = preSolution
		HideSolutionNode = FALSE
	EndGlobalSection
	GlobalSection(ExtensibilityGlobals) = postSolution
		SolutionGuid = {E800C478-AA0D-4E48-A7A2-7D8D023B5259}
	EndGlobalSection
EndGlobal
